
Microsoft Visual Studio Solution File, Format Version 12.00
# Visual Studio Version 16
VisualStudioVersion = 16.0.31911.196
MinimumVisualStudioVersion = 10.0.40219.1
Project("{FAE04EC0-301F-11D3-BF4B-00C04F79EFBC}") = "Deserializing-OpenWeatherMap-Json", "Deserializing-OpenWeatherMap-Json\Deserializing-OpenWeatherMap-Json.csproj", "{DCBCB3E9-E9CF-4615-8146-00A4113A94D4}"
EndProject
Global
	GlobalSection(SolutionConfigurationPlatforms) = preSolution
		Debug|Any CPU = Debug|Any CPU
		Release|Any CPU = Release|Any CPU
	EndGlobalSection
	GlobalSection(ProjectConfigurationPlatforms) = postSolution
		{DCBCB3E9-E9CF-4615-8146-00A4113A94D4}.Debug|Any CPU.ActiveCfg = Debug|Any CPU
		{DCBCB3E9-E9CF-4615-8146-00A4113A94D4}.Debug|Any CPU.Build.0 = Debug|Any CPU
		{DCBCB3E9-E9CF-4615-8146-00A4113A94D4}.Release|Any CPU.ActiveCfg = Release|Any CPU
		{DCBCB3E9-E9CF-4615-8146-00A4113A94D4}.Release|Any CPU.Build.0 = Release|Any CPU
	EndGlobalSection
	GlobalSection(SolutionProperties) = preSolution
		HideSolutionNode = FALSE
	EndGlobalSection
	GlobalSection(ExtensibilityGlobals) = postSolution
		SolutionGuid = {87E909FC-A545-407A-8055-354F292D9884}
	EndGlobalSection
EndGlobal
